
Microsoft Visual Studio Solution File, Format Version 12.00
# Visual Studio Version 17
VisualStudioVersion = 17.12.35728.132
MinimumVisualStudioVersion = 10.0.40219.1
Project("{FAE04EC0-301F-11D3-BF4B-00C04F79EFBC}") = "s20601", "s20601\s20601.csproj", "{66C0DCE1-77EB-4DA1-9CFD-87D1A42AADD8}"
EndProject
Global
	GlobalSection(SolutionConfigurationPlatforms) = preSolution
		Debug|Any CPU = Debug|Any CPU
		Release|Any CPU = Release|Any CPU
	EndGlobalSection
	GlobalSection(ProjectConfigurationPlatforms) = postSolution
		{66C0DCE1-77EB-4DA1-9CFD-87D1A42AADD8}.Debug|Any CPU.ActiveCfg = Debug|Any CPU
		{66C0DCE1-77EB-4DA1-9CFD-87D1A42AADD8}.Debug|Any CPU.Build.0 = Debug|Any CPU
		{66C0DCE1-77EB-4DA1-9CFD-87D1A42AADD8}.Release|Any CPU.ActiveCfg = Release|Any CPU
		{66C0DCE1-77EB-4DA1-9CFD-87D1A42AADD8}.Release|Any CPU.Build.0 = Release|Any CPU
	EndGlobalSection
	GlobalSection(SolutionProperties) = preSolution
		HideSolutionNode = FALSE
	EndGlobalSection
	GlobalSection(ExtensibilityGlobals) = postSolution
		SolutionGuid = {09C73AC5-DD08-4804-AB4E-748D2281EC3C}
	EndGlobalSection
EndGlobal
